{
  "name": "blackbox-test",
  "version": "1.0.0",
  "lockfileVersion": 1,
  "requires": true,
  "dependencies": {
    "@mattiasbuelens/web-streams-polyfill": {
      "version": "0.1.0-alpha.4",
      "resolved": "https://registry.npmjs.org/@mattiasbuelens/web-streams-polyfill/-/web-streams-polyfill-0.1.0-alpha.4.tgz",
      "integrity": "sha512-WAsiWLWc7ZNS1b0qFAoKSFLeqXesPa60YelVE3pPKc6pZ4iuSW9l6DBxY4hMPQj1dQCBDrUHJj/NDSjE85bTRQ==",
      "requires": {
        "@types/whatwg-streams": "0.0.5"
      }
    },
    "@types/whatwg-streams": {
      "version": "0.0.5",
      "resolved": "https://registry.npmjs.org/@types/whatwg-streams/-/whatwg-streams-0.0.5.tgz",
      "integrity": "sha512-y1UgRuGO64x/v+UIerA2AMquW/qxaIUD95rbf8FYxtVG//D3381+JexnZfcEiZSqXErdxdPmXpz8srY7gs9Grw=="
    },
    "address-rfc2822": {
      "version": "2.0.4",
      "resolved": "https://registry.npmjs.org/address-rfc2822/-/address-rfc2822-2.0.4.tgz",
      "integrity": "sha1-Lb07jWwt4elXwahUncAS1Au8NDE=",
      "requires": {
        "email-addresses": "^3.0.0"
      }
    },
    "amdefine": {
      "version": "1.0.1",
      "resolved": "https://registry.npmjs.org/amdefine/-/amdefine-1.0.1.tgz",
      "integrity": "sha1-SlKCrBZHKek2Gbz9OtFR+BfOkfU="
    },
    "asmcrypto.js": {
      "version": "github:openpgpjs/asmcrypto#6e4e407b9b8ae317925a9e677cc7b4de3e447e83",
      "from": "github:openpgpjs/asmcrypto"
    },
    "asn1.js": {
      "version": "5.0.1",
      "resolved": "https://registry.npmjs.org/asn1.js/-/asn1.js-5.0.1.tgz",
      "integrity": "sha512-aO8EaEgbgqq77IEw+1jfx5c9zTbzvkfuRBuZsSsPnTHMkmd5AI4J6OtITLZFa381jReeaQL67J0GBTUu0+ZTVw==",
      "requires": {
        "bn.js": "^4.0.0",
        "inherits": "^2.0.1",
        "minimalistic-assert": "^1.0.0"
      }
    },
    "base64-js": {
      "version": "1.3.0",
      "resolved": "https://registry.npmjs.org/base64-js/-/base64-js-1.3.0.tgz",
      "integrity": "sha512-ccav/yGvoa80BQDljCxsmmQ3Xvx60/UpBIij5QN21W3wBi/hhIC9OoO+KLpu9IJTS9j4DRVJ3aDDF9cMSoa2lw=="
    },
    "bn": {
      "version": "1.0.1",
      "resolved": "https://registry.npmjs.org/bn/-/bn-1.0.1.tgz",
      "integrity": "sha1-oVOCXmsessLbdyYUmwR6B84KO7M="
    },
    "bn.js": {
      "version": "4.11.8",
      "resolved": "https://registry.npmjs.org/bn.js/-/bn.js-4.11.8.tgz",
      "integrity": "sha512-ItfYfPLkWHUjckQCk8xC+LwxgK8NYcXywGigJgSwOP8Y2iyWT4f2vsZnoOXTTbo+o5yXmIUJ4gn5538SO5S3gA=="
    },
    "brorand": {
      "version": "1.1.0",
      "resolved": "https://registry.npmjs.org/brorand/-/brorand-1.1.0.tgz",
      "integrity": "sha1-EsJe/kCkXjwyPrhnWgoM5XsiNx8="
    },
    "buffer": {
      "version": "5.2.1",
      "resolved": "https://registry.npmjs.org/buffer/-/buffer-5.2.1.tgz",
      "integrity": "sha512-c+Ko0loDaFfuPWiL02ls9Xd3GO3cPVmUobQ6t3rXNUk304u6hGq+8N/kFi+QEIKhzK3uwolVhLzszmfLmMLnqg==",
      "requires": {
        "base64-js": "^1.0.2",
        "ieee754": "^1.1.4"
      }
    },
    "bzip-deflate": {
      "version": "1.0.0",
      "resolved": "https://registry.npmjs.org/bzip-deflate/-/bzip-deflate-1.0.0.tgz",
      "integrity": "sha1-sC2wB+83vrzCk4Skssb08PTHlsk="
    },
    "commander": {
      "version": "2.17.1",
      "resolved": "https://registry.npmjs.org/commander/-/commander-2.17.1.tgz",
      "integrity": "sha512-wPMUt6FnH2yzG95SA6mzjQOEKUU3aLaDEmzs1ti+1E9h+CsrZghRlqEM/EJ4KscsQVG8uNN4uVreUeT8+drlgg=="
    },
    "compressjs": {
      "version": "github:openpgpjs/compressjs#bfbb371a34d1750afa34bfa49156461acdab79a9",
      "from": "github:openpgpjs/compressjs",
      "requires": {
        "amdefine": "~1.0.0",
        "commander": "~2.8.1"
      },
      "dependencies": {
        "commander": {
          "version": "2.8.1",
          "resolved": "http://registry.npmjs.org/commander/-/commander-2.8.1.tgz",
          "integrity": "sha1-Br42f+v9oMMwqh4qBy09yXYkJdQ=",
          "requires": {
            "graceful-readlink": ">= 1.0.0"
          }
        }
      }
    },
    "deep-equal": {
      "version": "1.0.1",
      "resolved": "https://registry.npmjs.org/deep-equal/-/deep-equal-1.0.1.tgz",
      "integrity": "sha1-9dJgKStmDghO/0zbyfCK0yR0SLU="
    },
    "elliptic": {
      "version": "github:openpgpjs/elliptic#e187e706e11fa51bcd20e46e5119054be4e2a4a6",
      "from": "github:openpgpjs/elliptic",
      "requires": {
        "bn.js": "^4.4.0",
        "brorand": "^1.0.1",
        "hash.js": "^1.0.0",
        "hmac-drbg": "^1.0.0",
        "inherits": "^2.0.1",
        "minimalistic-assert": "^1.0.0",
        "minimalistic-crypto-utils": "^1.0.0"
      }
    },
    "email-addresses": {
      "version": "3.0.2",
      "resolved": "https://registry.npmjs.org/email-addresses/-/email-addresses-3.0.2.tgz",
      "integrity": "sha512-IMn9dnwLMsgZjdUHswB/UZ0S8LQ/u+2/qjnHJ9tCtp3QHZsIYwJCiJOo2FT0i3CwwK/dtSODYtxuvzV4D9MY5g=="
    },
    "graceful-fs": {
      "version": "4.1.11",
      "resolved": "https://registry.npmjs.org/graceful-fs/-/graceful-fs-4.1.11.tgz",
      "integrity": "sha1-Dovf5NHduIVNZOBOp8AOKgJuVlg="
    },
    "graceful-readlink": {
      "version": "1.0.1",
      "resolved": "https://registry.npmjs.org/graceful-readlink/-/graceful-readlink-1.0.1.tgz",
      "integrity": "sha1-TK+tdrxi8C+gObL5Tpo906ORpyU="
    },
    "hash.js": {
      "version": "1.1.5",
      "resolved": "https://registry.npmjs.org/hash.js/-/hash.js-1.1.5.tgz",
      "integrity": "sha512-eWI5HG9Np+eHV1KQhisXWwM+4EPPYe5dFX1UZZH7k/E3JzDEazVH+VGlZi6R94ZqImq+A3D1mCEtrFIfg/E7sA==",
      "requires": {
        "inherits": "^2.0.3",
        "minimalistic-assert": "^1.0.1"
      }
    },
    "hmac-drbg": {
      "version": "1.0.1",
      "resolved": "https://registry.npmjs.org/hmac-drbg/-/hmac-drbg-1.0.1.tgz",
      "integrity": "sha1-0nRXAQJabHdabFRXk+1QL8DGSaE=",
      "requires": {
        "hash.js": "^1.0.3",
        "minimalistic-assert": "^1.0.0",
        "minimalistic-crypto-utils": "^1.0.1"
      }
    },
    "iced-error": {
      "version": "0.0.12",
      "resolved": "https://registry.npmjs.org/iced-error/-/iced-error-0.0.12.tgz",
      "integrity": "sha1-4KhhRigXzwzpdLE/ymEtOg1dEL4="
    },
    "iced-lock": {
      "version": "1.1.0",
      "resolved": "https://registry.npmjs.org/iced-lock/-/iced-lock-1.1.0.tgz",
      "integrity": "sha1-YRbvHKs6zW5rEIk7snumIv0/3nI=",
      "requires": {
        "iced-runtime": "^1.0.0"
      }
    },
    "iced-runtime": {
      "version": "1.0.3",
      "resolved": "https://registry.npmjs.org/iced-runtime/-/iced-runtime-1.0.3.tgz",
      "integrity": "sha1-LU9PuZmreqVDCxk8d6f85BGDGc4="
    },
    "ieee754": {
      "version": "1.1.12",
      "resolved": "https://registry.npmjs.org/ieee754/-/ieee754-1.1.12.tgz",
      "integrity": "sha512-GguP+DRY+pJ3soyIiGPTvdiVXjZ+DbXOxGpXn3eMvNW4x4irjqXm4wHKscC+TfxSJ0yw/S1F24tqdMNsMZTiLA=="
    },
    "imurmurhash": {
      "version": "0.1.4",
      "resolved": "https://registry.npmjs.org/imurmurhash/-/imurmurhash-0.1.4.tgz",
      "integrity": "sha1-khi5srkoojixPcT7a21XbyMUU+o="
    },
    "inherits": {
      "version": "2.0.3",
      "resolved": "https://registry.npmjs.org/inherits/-/inherits-2.0.3.tgz",
      "integrity": "sha1-Yzwsg+PaQqUC9SRmAiSA9CCCYd4="
    },
    "kbpgp": {
      "version": "2.0.80",
      "resolved": "https://registry.npmjs.org/kbpgp/-/kbpgp-2.0.80.tgz",
      "integrity": "sha512-2cLRW7+mYB9DCxpNvokGbbDM0DZbQYiZr5jbg2pcX3whpwSG/l6tz6OM3VPL868mRcvz+RSiX3TvxXf0UCra9A==",
      "requires": {
        "bn": "^1.0.0",
        "bzip-deflate": "^1.0.0",
        "deep-equal": ">=0.2.1",
        "iced-error": ">=0.0.10",
        "iced-lock": "^1.0.2",
        "iced-runtime": "^1.0.3",
        "keybase-ecurve": "^1.0.0",
        "keybase-nacl": "^1.0.0",
        "minimist": "^1.2.0",
        "pgp-utils": ">=0.0.34",
        "purepack": ">=1.0.4",
        "triplesec": ">=3.0.27",
        "tweetnacl": "^0.13.1"
      }
    },
    "keybase-ecurve": {
      "version": "1.0.0",
      "resolved": "https://registry.npmjs.org/keybase-ecurve/-/keybase-ecurve-1.0.0.tgz",
      "integrity": "sha1-xrxyrdpGA/0xhP7n6ZaU7Y/WmtI=",
      "requires": {
        "bn": "^1.0.0"
      }
    },
    "keybase-nacl": {
      "version": "1.0.10",
      "resolved": "https://registry.npmjs.org/keybase-nacl/-/keybase-nacl-1.0.10.tgz",
      "integrity": "sha1-OGWDHpSBUWSI33y9mJRn6VDYeos=",
      "requires": {
        "iced-runtime": "^1.0.2",
        "tweetnacl": "^0.13.1",
        "uint64be": "^1.0.1"
      }
    },
    "minimalistic-assert": {
      "version": "1.0.1",
      "resolved": "https://registry.npmjs.org/minimalistic-assert/-/minimalistic-assert-1.0.1.tgz",
      "integrity": "sha512-UtJcAD4yEaGtjPezWuO9wC4nwUnVH/8/Im3yEHQP4b67cXlD/Qr9hdITCU1xDbSEXg2XKNaP8jsReV7vQd00/A=="
    },
    "minimalistic-crypto-utils": {
      "version": "1.0.1",
      "resolved": "https://registry.npmjs.org/minimalistic-crypto-utils/-/minimalistic-crypto-utils-1.0.1.tgz",
      "integrity": "sha1-9sAMHAsIIkblxNmd+4x8CDsrWCo="
    },
    "minimist": {
      "version": "1.2.0",
      "resolved": "http://registry.npmjs.org/minimist/-/minimist-1.2.0.tgz",
      "integrity": "sha1-o1AIsg9BOD7sH7kU9M1d95omQoQ="
    },
    "more-entropy": {
      "version": "0.0.7",
      "resolved": "https://registry.npmjs.org/more-entropy/-/more-entropy-0.0.7.tgz",
      "integrity": "sha1-Z7/G96hvJvvDeqyD/UbYjGHRCbU=",
      "requires": {
        "iced-runtime": ">=0.0.1"
      }
    },
    "node-fetch": {
      "version": "2.2.0",
      "resolved": "https://registry.npmjs.org/node-fetch/-/node-fetch-2.2.0.tgz",
      "integrity": "sha512-OayFWziIxiHY8bCUyLX6sTpDH8Jsbp4FfYd1j1f7vZyfgkcOnAyM4oQR16f8a0s7Gl/viMGRey8eScYk4V4EZA=="
    },
    "node-localstorage": {
      "version": "1.3.1",
      "resolved": "http://registry.npmjs.org/node-localstorage/-/node-localstorage-1.3.1.tgz",
      "integrity": "sha512-NMWCSWWc6JbHT5PyWlNT2i8r7PgGYXVntmKawY83k/M0UJScZ5jirb61TLnqKwd815DfBQu+lR3sRw08SPzIaQ==",
      "requires": {
        "write-file-atomic": "^1.1.4"
      }
    },
    "openpgp": {
      "version": "4.0.2",
      "resolved": "https://registry.npmjs.org/openpgp/-/openpgp-4.0.2.tgz",
      "integrity": "sha512-j6mtLS1WGXJbJjbA0bdkunluI/8jpxXgm28/bEuQY43EYJvxInoszVvw3SSBMfI98QVYvxUkLuzTlEn/vE++Rg==",
      "requires": {
        "@mattiasbuelens/web-streams-polyfill": "0.1.0-alpha.4",
        "address-rfc2822": "^2.0.3",
        "asmcrypto.js": "github:openpgpjs/asmcrypto#6e4e407b9b8ae317925a9e677cc7b4de3e447e83",
        "asn1.js": "^5.0.0",
        "bn.js": "^4.11.8",
        "buffer": "^5.0.8",
        "compressjs": "github:openpgpjs/compressjs#bfbb371a34d1750afa34bfa49156461acdab79a9",
        "elliptic": "github:openpgpjs/elliptic#e187e706e11fa51bcd20e46e5119054be4e2a4a6",
        "hash.js": "^1.1.3",
        "node-fetch": "^2.1.2",
        "node-localstorage": "~1.3.0",
        "pako": "^1.0.6",
        "web-stream-tools": "github:openpgpjs/web-stream-tools#9ab800d46add161db496506d67338202ad0114ce"
      }
    },
    "pako": {
      "version": "1.0.6",
      "resolved": "https://registry.npmjs.org/pako/-/pako-1.0.6.tgz",
      "integrity": "sha512-lQe48YPsMJAig+yngZ87Lus+NF+3mtu7DVOBu6b/gHO1YpKwIj5AWjZ/TOS7i46HD/UixzWb1zeWDZfGZ3iYcg=="
    },
    "pgp-utils": {
      "version": "0.0.34",
      "resolved": "https://registry.npmjs.org/pgp-utils/-/pgp-utils-0.0.34.tgz",
      "integrity": "sha1-2E9J98GTteC5QV9cxcKmle15DCM=",
      "requires": {
        "iced-error": ">=0.0.8",
        "iced-runtime": ">=0.0.1"
      }
    },
    "progress": {
      "version": "1.1.8",
      "resolved": "https://registry.npmjs.org/progress/-/progress-1.1.8.tgz",
      "integrity": "sha1-4mDHj2Fhzdmw5WzD4Khd4Xx6V74="
    },
    "purepack": {
      "version": "1.0.4",
      "resolved": "https://registry.npmjs.org/purepack/-/purepack-1.0.4.tgz",
      "integrity": "sha1-CGKC/ZOShfWGZLqam7oxzbFlzNI="
    },
    "slide": {
      "version": "1.1.6",
      "resolved": "https://registry.npmjs.org/slide/-/slide-1.1.6.tgz",
      "integrity": "sha1-VusCfWW00tzmyy4tMsTUr8nh1wc="
    },
    "source-map": {
      "version": "0.6.1",
      "resolved": "https://registry.npmjs.org/source-map/-/source-map-0.6.1.tgz",
      "integrity": "sha512-UjgapumWlbMhkBgzT7Ykc5YXUT46F0iKu8SGXq0bcwP5dz/h0Plj6enJqjz1Zbq2l5WaqYnrVbwWOWMyF3F47g=="
    },
    "triplesec": {
      "version": "3.0.27",
      "resolved": "https://registry.npmjs.org/triplesec/-/triplesec-3.0.27.tgz",
      "integrity": "sha512-FDhkxa3JYnPOerOd+8k+SBmm7cb7KkyX+xXwNFV3XV6dsQgHuRvjtbnzWfPJ2kimeR8ErjZfPd/6r7RH6epHDw==",
      "requires": {
        "iced-error": ">=0.0.9",
        "iced-lock": "^1.0.1",
        "iced-runtime": "^1.0.2",
        "more-entropy": ">=0.0.7",
        "progress": "~1.1.2",
        "uglify-js": "^3.1.9"
      }
    },
    "tweetnacl": {
      "version": "0.13.3",
      "resolved": "https://registry.npmjs.org/tweetnacl/-/tweetnacl-0.13.3.tgz",
      "integrity": "sha1-1ii1bzvMPVrnS6nUwacE3vWrS1Y="
    },
    "uglify-js": {
      "version": "3.4.9",
      "resolved": "https://registry.npmjs.org/uglify-js/-/uglify-js-3.4.9.tgz",
      "integrity": "sha512-8CJsbKOtEbnJsTyv6LE6m6ZKniqMiFWmm9sRbopbkGs3gMPPfd3Fh8iIA4Ykv5MgaTbqHr4BaoGLJLZNhsrW1Q==",
      "requires": {
        "commander": "~2.17.1",
        "source-map": "~0.6.1"
      }
    },
    "uint64be": {
      "version": "1.0.1",
      "resolved": "https://registry.npmjs.org/uint64be/-/uint64be-1.0.1.tgz",
      "integrity": "sha1-H3FUIC8qG4rzU4cd2mUb80zpPpU="
    },
    "web-stream-tools": {
      "version": "github:openpgpjs/web-stream-tools#9ab800d46add161db496506d67338202ad0114ce",
      "from": "github:openpgpjs/web-stream-tools"
    },
    "write-file-atomic": {
      "version": "1.3.4",
      "resolved": "https://registry.npmjs.org/write-file-atomic/-/write-file-atomic-1.3.4.tgz",
      "integrity": "sha1-+Aek8LHZ6ROuekgRLmzDrxmRtF8=",
      "requires": {
        "graceful-fs": "^4.1.11",
        "imurmurhash": "^0.1.4",
        "slide": "^1.1.5"
      }
    }
  }
}
